// !$*UTF8*$!
{
	archiveVersion = 1;
	classes = {
	};
	objectVersion = 48;
	objects = {

/* Begin PBXBuildFile section */
		7114BB1D1FF12C79007EC0A0 /* Main.storyboard in Resources */ = {isa = PBXBuildFile; fileRef = 7114BB1B1FF12C79007EC0A0 /* Main.storyboard */; };
		7114BB251FF12C79007EC0A0 /* LaunchScreen.storyboard in Resources */ = {isa = PBXBuildFile; fileRef = 7114BB231FF12C79007EC0A0 /* LaunchScreen.storyboard */; };
		71CF83E62000F023009F5D27 /* RDApiRateManager.m in Sources */ = {isa = PBXBuildFile; fileRef = 71CF83E52000F022009F5D27 /* RDApiRateManager.m */; };
		71CF84022000F0ED009F5D27 /* CrytoPortfolio.xcdatamodeld in Sources */ = {isa = PBXBuildFile; fileRef = 71CF83F62000F0E8009F5D27 /* CrytoPortfolio.xcdatamodeld */; };
		71CF84032000F0ED009F5D27 /* Base.lproj in Sources */ = {isa = PBXBuildFile; fileRef = 71CF83F82000F0E9009F5D27 /* Base.lproj */; };
		71CF84042000F0ED009F5D27 /* AppDelegate.h in Sources */ = {isa = PBXBuildFile; fileRef = 71CF83F92000F0E9009F5D27 /* AppDelegate.h */; };
		71CF84082000F0ED009F5D27 /* Assets.xcassets in Sources */ = {isa = PBXBuildFile; fileRef = 71CF83FD2000F0EB009F5D27 /* Assets.xcassets */; };
		71CF840A2000F0ED009F5D27 /* RDApiRateManager.h in Sources */ = {isa = PBXBuildFile; fileRef = 71CF83FF2000F0EB009F5D27 /* RDApiRateManager.h */; };
		71CF840B2000F0ED009F5D27 /* AppDelegate.m in Sources */ = {isa = PBXBuildFile; fileRef = 71CF84012000F0EC009F5D27 /* AppDelegate.m */; };
		71CF84182000F142009F5D27 /* RDExchangeRate.h in Sources */ = {isa = PBXBuildFile; fileRef = 71CF840D2000F13E009F5D27 /* RDExchangeRate.h */; };
		71CF84192000F142009F5D27 /* ViewController.h in Sources */ = {isa = PBXBuildFile; fileRef = 71CF840E2000F13E009F5D27 /* ViewController.h */; };
		71CF841A2000F142009F5D27 /* RDCryto.h in Sources */ = {isa = PBXBuildFile; fileRef = 71CF840F2000F13F009F5D27 /* RDCryto.h */; };
		71CF841B2000F142009F5D27 /* RDExchangeRate.m in Sources */ = {isa = PBXBuildFile; fileRef = 71CF84112000F13F009F5D27 /* RDExchangeRate.m */; };
		71CF841C2000F142009F5D27 /* RDCryto.m in Sources */ = {isa = PBXBuildFile; fileRef = 71CF84162000F141009F5D27 /* RDCryto.m */; };
		71CF841D2000F142009F5D27 /* ViewController.m in Sources */ = {isa = PBXBuildFile; fileRef = 71CF84172000F142009F5D27 /* ViewController.m */; };
		71CF841F2000F1A8009F5D27 /* main.m in Sources */ = {isa = PBXBuildFile; fileRef = 71CF841E2000F1A7009F5D27 /* main.m */; };
		71CF84232000F3C4009F5D27 /* Info.plist in Sources */ = {isa = PBXBuildFile; fileRef = 71CF84222000F3C4009F5D27 /* Info.plist */; };
		71CF84282000F6ED009F5D27 /* RDApiCryptoManager.m in Sources */ = {isa = PBXBuildFile; fileRef = 71CF84272000F6ED009F5D27 /* RDApiCryptoManager.m */; };
/* End PBXBuildFile section */

/* Begin PBXFileReference section */
		7114BB121FF12C79007EC0A0 /* Cryto.app */ = {isa = PBXFileReference; explicitFileType = wrapper.application; includeInIndex = 0; path = Cryto.app; sourceTree = BUILT_PRODUCTS_DIR; };
		7114BB1C1FF12C79007EC0A0 /* Base */ = {isa = PBXFileReference; lastKnownFileType = file.storyboard; name = Base; path = Base.lproj/Main.storyboard; sourceTree = "<group>"; };
		7114BB241FF12C79007EC0A0 /* Base */ = {isa = PBXFileReference; lastKnownFileType = file.storyboard; name = Base; path = Base.lproj/LaunchScreen.storyboard; sourceTree = "<group>"; };
		71CF83E52000F022009F5D27 /* RDApiRateManager.m */ = {isa = PBXFileReference; lastKnownFileType = sourcecode.c.objc; path = RDApiRateManager.m; sourceTree = "<group>"; };
		71CF83F72000F0E8009F5D27 /* CrytoPortfolio.xcdatamodel */ = {isa = PBXFileReference; lastKnownFileType = wrapper.xcdatamodel; path = CrytoPortfolio.xcdatamodel; sourceTree = "<group>"; };
		71CF83F82000F0E9009F5D27 /* Base.lproj */ = {isa = PBXFileReference; lastKnownFileType = folder; path = Base.lproj; sourceTree = "<group>"; };
		71CF83F92000F0E9009F5D27 /* AppDelegate.h */ = {isa = PBXFileReference; lastKnownFileType = sourcecode.c.h; path = AppDelegate.h; sourceTree = "<group>"; };
		71CF83FD2000F0EB009F5D27 /* Assets.xcassets */ = {isa = PBXFileReference; lastKnownFileType = folder.assetcatalog; path = Assets.xcassets; sourceTree = "<group>"; };
		71CF83FF2000F0EB009F5D27 /* RDApiRateManager.h */ = {isa = PBXFileReference; lastKnownFileType = sourcecode.c.h; path = RDApiRateManager.h; sourceTree = "<group>"; };
		71CF84002000F0EC009F5D27 /* RDApiRateManager.m */ = {isa = PBXFileReference; lastKnownFileType = sourcecode.c.objc; path = RDApiRateManager.m; sourceTree = "<group>"; };
		71CF84012000F0EC009F5D27 /* AppDelegate.m */ = {isa = PBXFileReference; lastKnownFileType = sourcecode.c.objc; path = AppDelegate.m; sourceTree = "<group>"; };
		71CF840D2000F13E009F5D27 /* RDExchangeRate.h */ = {isa = PBXFileReference; lastKnownFileType = sourcecode.c.h; path = RDExchangeRate.h; sourceTree = "<group>"; };
		71CF840E2000F13E009F5D27 /* ViewController.h */ = {isa = PBXFileReference; lastKnownFileType = sourcecode.c.h; path = ViewController.h; sourceTree = "<group>"; };
		71CF840F2000F13F009F5D27 /* RDCryto.h */ = {isa = PBXFileReference; lastKnownFileType = sourcecode.c.h; path = RDCryto.h; sourceTree = "<group>"; };
		71CF84112000F13F009F5D27 /* RDExchangeRate.m */ = {isa = PBXFileReference; lastKnownFileType = sourcecode.c.objc; path = RDExchangeRate.m; sourceTree = "<group>"; };
		71CF84142000F140009F5D27 /* RDApiRateManager.h */ = {isa = PBXFileReference; lastKnownFileType = sourcecode.c.h; path = RDApiRateManager.h; sourceTree = "<group>"; };
		71CF84152000F141009F5D27 /* RDApiRateManager.m */ = {isa = PBXFileReference; lastKnownFileType = sourcecode.c.objc; path = RDApiRateManager.m; sourceTree = "<group>"; };
		71CF84162000F141009F5D27 /* RDCryto.m */ = {isa = PBXFileReference; lastKnownFileType = sourcecode.c.objc; path = RDCryto.m; sourceTree = "<group>"; };
		71CF84172000F142009F5D27 /* ViewController.m */ = {isa = PBXFileReference; lastKnownFileType = sourcecode.c.objc; path = ViewController.m; sourceTree = "<group>"; };
		71CF841E2000F1A7009F5D27 /* main.m */ = {isa = PBXFileReference; fileEncoding = 4; lastKnownFileType = sourcecode.c.objc; path = main.m; sourceTree = "<group>"; };
		71CF84222000F3C4009F5D27 /* Info.plist */ = {isa = PBXFileReference; lastKnownFileType = text.plist.xml; path = Info.plist; sourceTree = "<group>"; };
		71CF84252000F5EF009F5D27 /* RDApiRateManager.h */ = {isa = PBXFileReference; lastKnownFileType = sourcecode.c.h; path = RDApiRateManager.h; sourceTree = "<group>"; };
		71CF84262000F6ED009F5D27 /* RDApiCryptoManager.h */ = {isa = PBXFileReference; fileEncoding = 4; lastKnownFileType = sourcecode.c.h; path = RDApiCryptoManager.h; sourceTree = "<group>"; };
		71CF84272000F6ED009F5D27 /* RDApiCryptoManager.m */ = {isa = PBXFileReference; fileEncoding = 4; lastKnownFileType = sourcecode.c.objc; path = RDApiCryptoManager.m; sourceTree = "<group>"; };
		71CF84292000F83C009F5D27 /* Info.plist */ = {isa = PBXFileReference; lastKnownFileType = text.plist.xml; path = Info.plist; sourceTree = "<group>"; };
/* End PBXFileReference section */

/* Begin PBXFrameworksBuildPhase section */
		7114BB0F1FF12C79007EC0A0 /* Frameworks */ = {
			isa = PBXFrameworksBuildPhase;
			buildActionMask = 2147483647;
			files = (
			);
			runOnlyForDeploymentPostprocessing = 0;
		};
/* End PBXFrameworksBuildPhase section */

/* Begin PBXGroup section */
		7114BB091FF12C79007EC0A0 = {
			isa = PBXGroup;
			children = (
				71CF84292000F83C009F5D27 /* Info.plist */,
				71CF84262000F6ED009F5D27 /* RDApiCryptoManager.h */,
				71CF84272000F6ED009F5D27 /* RDApiCryptoManager.m */,
				71CF84252000F5EF009F5D27 /* RDApiRateManager.h */,
				71CF83E52000F022009F5D27 /* RDApiRateManager.m */,
				71CF84142000F140009F5D27 /* RDApiRateManager.h */,
				71CF84152000F141009F5D27 /* RDApiRateManager.m */,
				71CF840F2000F13F009F5D27 /* RDCryto.h */,
				71CF83F92000F0E9009F5D27 /* AppDelegate.h */,
				71CF84162000F141009F5D27 /* RDCryto.m */,
				71CF840D2000F13E009F5D27 /* RDExchangeRate.h */,
				71CF84112000F13F009F5D27 /* RDExchangeRate.m */,
				71CF840E2000F13E009F5D27 /* ViewController.h */,
				71CF84172000F142009F5D27 /* ViewController.m */,
				71CF84012000F0EC009F5D27 /* AppDelegate.m */,
				71CF83FD2000F0EB009F5D27 /* Assets.xcassets */,
				71CF83F82000F0E9009F5D27 /* Base.lproj */,
				71CF83F62000F0E8009F5D27 /* CrytoPortfolio.xcdatamodeld */,
				71CF83FF2000F0EB009F5D27 /* RDApiRateManager.h */,
				71CF84002000F0EC009F5D27 /* RDApiRateManager.m */,
				71CF84222000F3C4009F5D27 /* Info.plist */,
				7114BB1B1FF12C79007EC0A0 /* Main.storyboard */,
				7114BB231FF12C79007EC0A0 /* LaunchScreen.storyboard */,
				71CF841E2000F1A7009F5D27 /* main.m */,
				7114BB131FF12C79007EC0A0 /* Products */,
			);
			sourceTree = "<group>";
		};
		7114BB131FF12C79007EC0A0 /* Products */ = {
			isa = PBXGroup;
			children = (
				7114BB121FF12C79007EC0A0 /* Cryto.app */,
			);
			name = Products;
			sourceTree = "<group>";
		};
/* End PBXGroup section */

/* Begin PBXNativeTarget section */
		7114BB111FF12C79007EC0A0 /* Cryto */ = {
			isa = PBXNativeTarget;
			buildConfigurationList = 7114BB2B1FF12C79007EC0A0 /* Build configuration list for PBXNativeTarget "Cryto" */;
			buildPhases = (
				7114BB0E1FF12C79007EC0A0 /* Sources */,
				7114BB0F1FF12C79007EC0A0 /* Frameworks */,
				7114BB101FF12C79007EC0A0 /* Resources */,
			);
			buildRules = (
			);
			dependencies = (
			);
			name = Cryto;
			productName = CrytoPortfolio;
			productReference = 7114BB121FF12C79007EC0A0 /* Cryto.app */;
			productType = "com.apple.product-type.application";
		};
/* End PBXNativeTarget section */

/* Begin PBXProject section */
		7114BB0A1FF12C79007EC0A0 /* Project object */ = {
			isa = PBXProject;
			attributes = {
				LastUpgradeCheck = 0910;
				ORGANIZATIONNAME = "Ray de Rose";
				TargetAttributes = {
					7114BB111FF12C79007EC0A0 = {
						CreatedOnToolsVersion = 9.1;
						ProvisioningStyle = Automatic;
					};
				};
			};
			buildConfigurationList = 7114BB0D1FF12C79007EC0A0 /* Build configuration list for PBXProject "Cryto" */;
			compatibilityVersion = "Xcode 8.0";
			developmentRegion = en;
			hasScannedForEncodings = 0;
			knownRegions = (
				en,
				Base,
			);
			mainGroup = 7114BB091FF12C79007EC0A0;
			productRefGroup = 7114BB131FF12C79007EC0A0 /* Products */;
			projectDirPath = "";
			projectRoot = "";
			targets = (
				7114BB111FF12C79007EC0A0 /* Cryto */,
			);
		};
/* End PBXProject section */

/* Begin PBXResourcesBuildPhase section */
		7114BB101FF12C79007EC0A0 /* Resources */ = {
			isa = PBXResourcesBuildPhase;
			buildActionMask = 2147483647;
			files = (
				7114BB251FF12C79007EC0A0 /* LaunchScreen.storyboard in Resources */,
				7114BB1D1FF12C79007EC0A0 /* Main.storyboard in Resources */,
			);
			runOnlyForDeploymentPostprocessing = 0;
		};
/* End PBXResourcesBuildPhase section */

/* Begin PBXSourcesBuildPhase section */
		7114BB0E1FF12C79007EC0A0 /* Sources */ = {
			isa = PBXSourcesBuildPhase;
			buildActionMask = 2147483647;
			files = (
				71CF84232000F3C4009F5D27 /* Info.plist in Sources */,
				71CF840A2000F0ED009F5D27 /* RDApiRateManager.h in Sources */,
				71CF84182000F142009F5D27 /* RDExchangeRate.h in Sources */,
				71CF84192000F142009F5D27 /* ViewController.h in Sources */,
				71CF841A2000F142009F5D27 /* RDCryto.h in Sources */,
				71CF841B2000F142009F5D27 /* RDExchangeRate.m in Sources */,
				71CF841F2000F1A8009F5D27 /* main.m in Sources */,
				71CF83E62000F023009F5D27 /* RDApiRateManager.m in Sources */,
				71CF841C2000F142009F5D27 /* RDCryto.m in Sources */,
				71CF841D2000F142009F5D27 /* ViewController.m in Sources */,
				71CF84022000F0ED009F5D27 /* CrytoPortfolio.xcdatamodeld in Sources */,
				71CF84282000F6ED009F5D27 /* RDApiCryptoManager.m in Sources */,
				71CF84032000F0ED009F5D27 /* Base.lproj in Sources */,
				71CF84042000F0ED009F5D27 /* AppDelegate.h in Sources */,
				71CF84082000F0ED009F5D27 /* Assets.xcassets in Sources */,
				71CF840B2000F0ED009F5D27 /* AppDelegate.m in Sources */,
			);
			runOnlyForDeploymentPostprocessing = 0;
		};
/* End PBXSourcesBuildPhase section */

/* Begin PBXVariantGroup section */
		7114BB1B1FF12C79007EC0A0 /* Main.storyboard */ = {
			isa = PBXVariantGroup;
			children = (
				7114BB1C1FF12C79007EC0A0 /* Base */,
			);
			name = Main.storyboard;
			sourceTree = "<group>";
		};
		7114BB231FF12C79007EC0A0 /* LaunchScreen.storyboard */ = {
			isa = PBXVariantGroup;
			children = (
				7114BB241FF12C79007EC0A0 /* Base */,
			);
			name = LaunchScreen.storyboard;
			sourceTree = "<group>";
		};
/* End PBXVariantGroup section */

/* Begin XCBuildConfiguration section */
		7114BB291FF12C79007EC0A0 /* Debug */ = {
			isa = XCBuildConfiguration;
			buildSettings = {
				ALWAYS_SEARCH_USER_PATHS = NO;
				CLANG_ANALYZER_NONNULL = YES;
				CLANG_ANALYZER_NUMBER_OBJECT_CONVERSION = YES_AGGRESSIVE;
				CLANG_CXX_LANGUAGE_STANDARD = "gnu++14";
				CLANG_CXX_LIBRARY = "libc++";
				CLANG_ENABLE_MODULES = YES;
				CLANG_ENABLE_OBJC_ARC = YES;
				CLANG_WARN_BLOCK_CAPTURE_AUTORELEASING = YES;
				CLANG_WARN_BOOL_CONVERSION = YES;
				CLANG_WARN_COMMA = YES;
				CLANG_WARN_CONSTANT_CONVERSION = YES;
				CLANG_WARN_DIRECT_OBJC_ISA_USAGE = YES_ERROR;
				CLANG_WARN_DOCUMENTATION_COMMENTS = YES;
				CLANG_WARN_EMPTY_BODY = YES;
				CLANG_WARN_ENUM_CONVERSION = YES;
				CLANG_WARN_INFINITE_RECURSION = YES;
				CLANG_WARN_INT_CONVERSION = YES;
				CLANG_WARN_NON_LITERAL_NULL_CONVERSION = YES;
				CLANG_WARN_OBJC_LITERAL_CONVERSION = YES;
				CLANG_WARN_OBJC_ROOT_CLASS = YES_ERROR;
				CLANG_WARN_RANGE_LOOP_ANALYSIS = YES;
				CLANG_WARN_STRICT_PROTOTYPES = YES;
				CLANG_WARN_SUSPICIOUS_MOVE = YES;
				CLANG_WARN_UNGUARDED_AVAILABILITY = YES_AGGRESSIVE;
				CLANG_WARN_UNREACHABLE_CODE = YES;
				CLANG_WARN__DUPLICATE_METHOD_MATCH = YES;
				CODE_SIGN_IDENTITY = "iPhone Developer";
				COPY_PHASE_STRIP = NO;
				DEBUG_INFORMATION_FORMAT = dwarf;
				ENABLE_STRICT_OBJC_MSGSEND = YES;
				ENABLE_TESTABILITY = YES;
				GCC_C_LANGUAGE_STANDARD = gnu11;
				GCC_DYNAMIC_NO_PIC = NO;
				GCC_NO_COMMON_BLOCKS = YES;
				GCC_OPTIMIZATION_LEVEL = 0;
				GCC_PREPROCESSOR_DEFINITIONS = (
					"DEBUG=1",
					"$(inherited)",
				);
				GCC_WARN_64_TO_32_BIT_CONVERSION = YES;
				GCC_WARN_ABOUT_RETURN_TYPE = YES_ERROR;
				GCC_WARN_UNDECLARED_SELECTOR = YES;
				GCC_WARN_UNINITIALIZED_AUTOS = YES_AGGRESSIVE;
				GCC_WARN_UNUSED_FUNCTION = YES;
				GCC_WARN_UNUSED_VARIABLE = YES;
				IPHONEOS_DEPLOYMENT_TARGET = 9.3;
				MTL_ENABLE_DEBUG_INFO = YES;
				ONLY_ACTIVE_ARCH = YES;
				SDKROOT = iphoneos;
			};
			name = Debug;
		};
		7114BB2A1FF12C79007EC0A0 /* Release */ = {
			isa = XCBuildConfiguration;
			buildSettings = {
				ALWAYS_SEARCH_USER_PATHS = NO;
				CLANG_ANALYZER_NONNULL = YES;
				CLANG_ANALYZER_NUMBER_OBJECT_CONVERSION = YES_AGGRESSIVE;
				CLANG_CXX_LANGUAGE_STANDARD = "gnu++14";
				CLANG_CXX_LIBRARY = "libc++";
				CLANG_ENABLE_MODULES = YES;
				CLANG_ENABLE_OBJC_ARC = YES;
				CLANG_WARN_BLOCK_CAPTURE_AUTORELEASING = YES;
				CLANG_WARN_BOOL_CONVERSION = YES;
				CLANG_WARN_COMMA = YES;
				CLANG_WARN_CONSTANT_CONVERSION = YES;
				CLANG_WARN_DIRECT_OBJC_ISA_USAGE = YES_ERROR;
				CLANG_WARN_DOCUMENTATION_COMMENTS = YES;
				CLANG_WARN_EMPTY_BODY = YES;
				CLANG_WARN_ENUM_CONVERSION = YES;
				CLANG_WARN_INFINITE_RECURSION = YES;
				CLANG_WARN_INT_CONVERSION = YES;
				CLANG_WARN_NON_LITERAL_NULL_CONVERSION = YES;
				CLANG_WARN_OBJC_LITERAL_CONVERSION = YES;
				CLANG_WARN_OBJC_ROOT_CLASS = YES_ERROR;
				CLANG_WARN_RANGE_LOOP_ANALYSIS = YES;
				CLANG_WARN_STRICT_PROTOTYPES = YES;
				CLANG_WARN_SUSPICIOUS_MOVE = YES;
				CLANG_WARN_UNGUARDED_AVAILABILITY = YES_AGGRESSIVE;
				CLANG_WARN_UNREACHABLE_CODE = YES;
				CLANG_WARN__DUPLICATE_METHOD_MATCH = YES;
				CODE_SIGN_IDENTITY = "iPhone Developer";
				COPY_PHASE_STRIP = NO;
				DEBUG_INFORMATION_FORMAT = "dwarf-with-dsym";
				ENABLE_NS_ASSERTIONS = NO;
				ENABLE_STRICT_OBJC_MSGSEND = YES;
				GCC_C_LANGUAGE_STANDARD = gnu11;
				GCC_NO_COMMON_BLOCKS = YES;
				GCC_WARN_64_TO_32_BIT_CONVERSION = YES;
				GCC_WARN_ABOUT_RETURN_TYPE = YES_ERROR;
				GCC_WARN_UNDECLARED_SELECTOR = YES;
				GCC_WARN_UNINITIALIZED_AUTOS = YES_AGGRESSIVE;
				GCC_WARN_UNUSED_FUNCTION = YES;
				GCC_WARN_UNUSED_VARIABLE = YES;
				IPHONEOS_DEPLOYMENT_TARGET = 9.3;
				MTL_ENABLE_DEBUG_INFO = NO;
				SDKROOT = iphoneos;
				VALIDATE_PRODUCT = YES;
			};
			name = Release;
		};
		7114BB2C1FF12C79007EC0A0 /* Debug */ = {
			isa = XCBuildConfiguration;
			buildSettings = {
				ASSETCATALOG_COMPILER_APPICON_NAME = AppIcon;
				CODE_SIGN_STYLE = Automatic;
				DEVELOPMENT_TEAM = H2QT6QRK39;
				INFOPLIST_FILE = "$(SRCROOT)/Info.plist";
				LD_RUNPATH_SEARCH_PATHS = "$(inherited) @executable_path/Frameworks";
				PRODUCT_BUNDLE_IDENTIFIER = com.easyAppSoftware.CrytoPortfolio;
				PRODUCT_NAME = "$(TARGET_NAME)";
				TARGETED_DEVICE_FAMILY = "1,2";
			};
			name = Debug;
		};
		7114BB2D1FF12C79007EC0A0 /* Release */ = {
			isa = XCBuildConfiguration;
			buildSettings = {
				ASSETCATALOG_COMPILER_APPICON_NAME = AppIcon;
				CODE_SIGN_STYLE = Automatic;
				DEVELOPMENT_TEAM = H2QT6QRK39;
				INFOPLIST_FILE = "$(SRCROOT)/Info.plist";
				LD_RUNPATH_SEARCH_PATHS = "$(inherited) @executable_path/Frameworks";
				PRODUCT_BUNDLE_IDENTIFIER = com.easyAppSoftware.CrytoPortfolio;
				PRODUCT_NAME = "$(TARGET_NAME)";
				TARGETED_DEVICE_FAMILY = "1,2";
			};
			name = Release;
		};
/* End XCBuildConfiguration section */

/* Begin XCConfigurationList section */
		7114BB0D1FF12C79007EC0A0 /* Build configuration list for PBXProject "Cryto" */ = {
			isa = XCConfigurationList;
			buildConfigurations = (
				7114BB291FF12C79007EC0A0 /* Debug */,
				7114BB2A1FF12C79007EC0A0 /* Release */,
			);
			defaultConfigurationIsVisible = 0;
			defaultConfigurationName = Release;
		};
		7114BB2B1FF12C79007EC0A0 /* Build configuration list for PBXNativeTarget "Cryto" */ = {
			isa = XCConfigurationList;
			buildConfigurations = (
				7114BB2C1FF12C79007EC0A0 /* Debug */,
				7114BB2D1FF12C79007EC0A0 /* Release */,
			);
			defaultConfigurationIsVisible = 0;
			defaultConfigurationName = Release;
		};
/* End XCConfigurationList section */

/* Begin XCVersionGroup section */
		71CF83F62000F0E8009F5D27 /* CrytoPortfolio.xcdatamodeld */ = {
			isa = XCVersionGroup;
			children = (
				71CF83F72000F0E8009F5D27 /* CrytoPortfolio.xcdatamodel */,
			);
			currentVersion = 71CF83F72000F0E8009F5D27 /* CrytoPortfolio.xcdatamodel */;
			path = CrytoPortfolio.xcdatamodeld;
			sourceTree = "<group>";
			versionGroupType = wrapper.xcdatamodel;
		};
/* End XCVersionGroup section */
	};
	rootObject = 7114BB0A1FF12C79007EC0A0 /* Project object */;
}
